
Microsoft Visual Studio Solution File, Format Version 12.00
# Visual Studio Version 17
VisualStudioVersion = 17.12.35527.113
MinimumVisualStudioVersion = 10.0.40219.1
Project("{00D1A9C2-B5F0-4AF3-8072-F6C62B433612}") = "StaffAttDB", "StaffAttDB\StaffAttDB.sqlproj", "{54E3EDE7-0F5F-4FFE-A47F-4C971DF0DB5A}"
EndProject
Project("{FAE04EC0-301F-11D3-BF4B-00C04F79EFBC}") = "StaffAttLibrary", "StaffAttLibrary\StaffAttLibrary.csproj", "{16083B10-77F9-42AB-819C-D3A5C1B7AEDD}"
EndProject
Project("{FAE04EC0-301F-11D3-BF4B-00C04F79EFBC}") = "StaffAtt.Web", "StaffAtt.Web\StaffAtt.Web.csproj", "{42E5B2ED-C551-49CF-AE18-AD0B571DCCC1}"
EndProject
Project("{FAE04EC0-301F-11D3-BF4B-00C04F79EFBC}") = "StaffAtt.Desktop", "StaffAtt.Desktop\StaffAtt.Desktop.csproj", "{662B853D-3B34-4FD6-8BF6-9EFD65F059DF}"
EndProject
Project("{FAE04EC0-301F-11D3-BF4B-00C04F79EFBC}") = "StaffAttLibrary.Tests", "StaffAttLibrary.Tests\StaffAttLibrary.Tests.csproj", "{C354F9DD-C9A0-4F22-8CD9-25C9761E2E40}"
EndProject
Project("{FAE04EC0-301F-11D3-BF4B-00C04F79EFBC}") = "StaffAtt.Web.Tests", "StaffAtt.Web.Tests\StaffAtt.Web.Tests.csproj", "{F55A2EC1-8DCB-4B2C-836E-9AD668F6F101}"
EndProject
Global
	GlobalSection(SolutionConfigurationPlatforms) = preSolution
		Debug|Any CPU = Debug|Any CPU
		Release|Any CPU = Release|Any CPU
	EndGlobalSection
	GlobalSection(ProjectConfigurationPlatforms) = postSolution
		{54E3EDE7-0F5F-4FFE-A47F-4C971DF0DB5A}.Debug|Any CPU.ActiveCfg = Debug|Any CPU
		{54E3EDE7-0F5F-4FFE-A47F-4C971DF0DB5A}.Debug|Any CPU.Build.0 = Debug|Any CPU
		{54E3EDE7-0F5F-4FFE-A47F-4C971DF0DB5A}.Debug|Any CPU.Deploy.0 = Debug|Any CPU
		{54E3EDE7-0F5F-4FFE-A47F-4C971DF0DB5A}.Release|Any CPU.ActiveCfg = Release|Any CPU
		{54E3EDE7-0F5F-4FFE-A47F-4C971DF0DB5A}.Release|Any CPU.Build.0 = Release|Any CPU
		{54E3EDE7-0F5F-4FFE-A47F-4C971DF0DB5A}.Release|Any CPU.Deploy.0 = Release|Any CPU
		{16083B10-77F9-42AB-819C-D3A5C1B7AEDD}.Debug|Any CPU.ActiveCfg = Debug|Any CPU
		{16083B10-77F9-42AB-819C-D3A5C1B7AEDD}.Debug|Any CPU.Build.0 = Debug|Any CPU
		{16083B10-77F9-42AB-819C-D3A5C1B7AEDD}.Release|Any CPU.ActiveCfg = Release|Any CPU
		{16083B10-77F9-42AB-819C-D3A5C1B7AEDD}.Release|Any CPU.Build.0 = Release|Any CPU
		{42E5B2ED-C551-49CF-AE18-AD0B571DCCC1}.Debug|Any CPU.ActiveCfg = Debug|Any CPU
		{42E5B2ED-C551-49CF-AE18-AD0B571DCCC1}.Debug|Any CPU.Build.0 = Debug|Any CPU
		{42E5B2ED-C551-49CF-AE18-AD0B571DCCC1}.Release|Any CPU.ActiveCfg = Release|Any CPU
		{42E5B2ED-C551-49CF-AE18-AD0B571DCCC1}.Release|Any CPU.Build.0 = Release|Any CPU
		{662B853D-3B34-4FD6-8BF6-9EFD65F059DF}.Debug|Any CPU.ActiveCfg = Debug|Any CPU
		{662B853D-3B34-4FD6-8BF6-9EFD65F059DF}.Debug|Any CPU.Build.0 = Debug|Any CPU
		{662B853D-3B34-4FD6-8BF6-9EFD65F059DF}.Release|Any CPU.ActiveCfg = Release|Any CPU
		{662B853D-3B34-4FD6-8BF6-9EFD65F059DF}.Release|Any CPU.Build.0 = Release|Any CPU
		{C354F9DD-C9A0-4F22-8CD9-25C9761E2E40}.Debug|Any CPU.ActiveCfg = Debug|Any CPU
		{C354F9DD-C9A0-4F22-8CD9-25C9761E2E40}.Debug|Any CPU.Build.0 = Debug|Any CPU
		{C354F9DD-C9A0-4F22-8CD9-25C9761E2E40}.Release|Any CPU.ActiveCfg = Release|Any CPU
		{C354F9DD-C9A0-4F22-8CD9-25C9761E2E40}.Release|Any CPU.Build.0 = Release|Any CPU
		{F55A2EC1-8DCB-4B2C-836E-9AD668F6F101}.Debug|Any CPU.ActiveCfg = Debug|Any CPU
		{F55A2EC1-8DCB-4B2C-836E-9AD668F6F101}.Debug|Any CPU.Build.0 = Debug|Any CPU
		{F55A2EC1-8DCB-4B2C-836E-9AD668F6F101}.Release|Any CPU.ActiveCfg = Release|Any CPU
		{F55A2EC1-8DCB-4B2C-836E-9AD668F6F101}.Release|Any CPU.Build.0 = Release|Any CPU
	EndGlobalSection
	GlobalSection(SolutionProperties) = preSolution
		HideSolutionNode = FALSE
	EndGlobalSection
	GlobalSection(ExtensibilityGlobals) = postSolution
		SolutionGuid = {F147F6DA-EB99-416C-BE7E-DF9CBB2F88D2}
	EndGlobalSection
EndGlobal
