
Microsoft Visual Studio Solution File, Format Version 12.00
# Visual Studio Version 17
VisualStudioVersion = 17.12.35527.113
MinimumVisualStudioVersion = 10.0.40219.1
Project("{00D1A9C2-B5F0-4AF3-8072-F6C62B433612}") = "StaffAttDB", "StaffAttDB\StaffAttDB.sqlproj", "{54E3EDE7-0F5F-4FFE-A47F-4C971DF0DB5A}"
EndProject
Project("{FAE04EC0-301F-11D3-BF4B-00C04F79EFBC}") = "StaffAttLibrary", "StaffAttLibrary\StaffAttLibrary.csproj", "{16083B10-77F9-42AB-819C-D3A5C1B7AEDD}"
EndProject
Project("{FAE04EC0-301F-11D3-BF4B-00C04F79EFBC}") = "StaffAtt.Web", "StaffAtt.Web\StaffAtt.Web.csproj", "{42E5B2ED-C551-49CF-AE18-AD0B571DCCC1}"
EndProject
Project("{FAE04EC0-301F-11D3-BF4B-00C04F79EFBC}") = "StaffAtt.Desktop", "StaffAtt.Desktop\StaffAtt.Desktop.csproj", "{662B853D-3B34-4FD6-8BF6-9EFD65F059DF}"
EndProject
Global
	GlobalSection(SolutionConfigurationPlatforms) = preSolution
		Debug|Any CPU = Debug|Any CPU
		Release|Any CPU = Release|Any CPU
	EndGlobalSection
	GlobalSection(ProjectConfigurationPlatforms) = postSolution
		{54E3EDE7-0F5F-4FFE-A47F-4C971DF0DB5A}.Debug|Any CPU.ActiveCfg = Debug|Any CPU
		{54E3EDE7-0F5F-4FFE-A47F-4C971DF0DB5A}.Debug|Any CPU.Build.0 = Debug|Any CPU
		{54E3EDE7-0F5F-4FFE-A47F-4C971DF0DB5A}.Debug|Any CPU.Deploy.0 = Debug|Any CPU
		{54E3EDE7-0F5F-4FFE-A47F-4C971DF0DB5A}.Release|Any CPU.ActiveCfg = Release|Any CPU
		{54E3EDE7-0F5F-4FFE-A47F-4C971DF0DB5A}.Release|Any CPU.Build.0 = Release|Any CPU
		{54E3EDE7-0F5F-4FFE-A47F-4C971DF0DB5A}.Release|Any CPU.Deploy.0 = Release|Any CPU
		{16083B10-77F9-42AB-819C-D3A5C1B7AEDD}.Debug|Any CPU.ActiveCfg = Debug|Any CPU
		{16083B10-77F9-42AB-819C-D3A5C1B7AEDD}.Debug|Any CPU.Build.0 = Debug|Any CPU
		{16083B10-77F9-42AB-819C-D3A5C1B7AEDD}.Release|Any CPU.ActiveCfg = Release|Any CPU
		{16083B10-77F9-42AB-819C-D3A5C1B7AEDD}.Release|Any CPU.Build.0 = Release|Any CPU
		{42E5B2ED-C551-49CF-AE18-AD0B571DCCC1}.Debug|Any CPU.ActiveCfg = Debug|Any CPU
		{42E5B2ED-C551-49CF-AE18-AD0B571DCCC1}.Debug|Any CPU.Build.0 = Debug|Any CPU
		{42E5B2ED-C551-49CF-AE18-AD0B571DCCC1}.Release|Any CPU.ActiveCfg = Release|Any CPU
		{42E5B2ED-C551-49CF-AE18-AD0B571DCCC1}.Release|Any CPU.Build.0 = Release|Any CPU
		{662B853D-3B34-4FD6-8BF6-9EFD65F059DF}.Debug|Any CPU.ActiveCfg = Debug|Any CPU
		{662B853D-3B34-4FD6-8BF6-9EFD65F059DF}.Debug|Any CPU.Build.0 = Debug|Any CPU
		{662B853D-3B34-4FD6-8BF6-9EFD65F059DF}.Release|Any CPU.ActiveCfg = Release|Any CPU
		{662B853D-3B34-4FD6-8BF6-9EFD65F059DF}.Release|Any CPU.Build.0 = Release|Any CPU
	EndGlobalSection
	GlobalSection(SolutionProperties) = preSolution
		HideSolutionNode = FALSE
	EndGlobalSection
EndGlobal
